// !$*UTF8*$!
{
	archiveVersion = 1;
	classes = {
	};
	objectVersion = 50;
	objects = {

/* Begin PBXBuildFile section */
		18EB6A61228DED2C00B0973C /* AppDelegate.swift in Sources */ = {isa = PBXBuildFile; fileRef = 18EB6A60228DED2C00B0973C /* AppDelegate.swift */; };
		18EB6A63228DED2C00B0973C /* ViewController.swift in Sources */ = {isa = PBXBuildFile; fileRef = 18EB6A62228DED2C00B0973C /* ViewController.swift */; };
		18EB6A66228DED2C00B0973C /* Main.storyboard in Resources */ = {isa = PBXBuildFile; fileRef = 18EB6A64228DED2C00B0973C /* Main.storyboard */; };
		18EB6A68228DED2E00B0973C /* Assets.xcassets in Resources */ = {isa = PBXBuildFile; fileRef = 18EB6A67228DED2E00B0973C /* Assets.xcassets */; };
		18EB6A6B228DED2E00B0973C /* LaunchScreen.storyboard in Resources */ = {isa = PBXBuildFile; fileRef = 18EB6A69228DED2E00B0973C /* LaunchScreen.storyboard */; };
		18EB6A76228DED2E00B0973C /* cameraTests.swift in Sources */ = {isa = PBXBuildFile; fileRef = 18EB6A75228DED2E00B0973C /* cameraTests.swift */; };
		18EB6A81228DED2E00B0973C /* cameraUITests.swift in Sources */ = {isa = PBXBuildFile; fileRef = 18EB6A80228DED2E00B0973C /* cameraUITests.swift */; };
/* End PBXBuildFile section */

/* Begin PBXContainerItemProxy section */
		18EB6A72228DED2E00B0973C /* PBXContainerItemProxy */ = {
			isa = PBXContainerItemProxy;
			containerPortal = 18EB6A55228DED2C00B0973C /* Project object */;
			proxyType = 1;
			remoteGlobalIDString = 18EB6A5C228DED2C00B0973C;
			remoteInfo = camera;
		};
		18EB6A7D228DED2E00B0973C /* PBXContainerItemProxy */ = {
			isa = PBXContainerItemProxy;
			containerPortal = 18EB6A55228DED2C00B0973C /* Project object */;
			proxyType = 1;
			remoteGlobalIDString = 18EB6A5C228DED2C00B0973C;
			remoteInfo = camera;
		};
/* End PBXContainerItemProxy section */

/* Begin PBXFileReference section */
		18EB6A5D228DED2C00B0973C /* camera.app */ = {isa = PBXFileReference; explicitFileType = wrapper.application; includeInIndex = 0; path = camera.app; sourceTree = BUILT_PRODUCTS_DIR; };
		18EB6A60228DED2C00B0973C /* AppDelegate.swift */ = {isa = PBXFileReference; lastKnownFileType = sourcecode.swift; path = AppDelegate.swift; sourceTree = "<group>"; };
		18EB6A62228DED2C00B0973C /* ViewController.swift */ = {isa = PBXFileReference; lastKnownFileType = sourcecode.swift; path = ViewController.swift; sourceTree = "<group>"; };
		18EB6A65228DED2C00B0973C /* Base */ = {isa = PBXFileReference; lastKnownFileType = file.storyboard; name = Base; path = Base.lproj/Main.storyboard; sourceTree = "<group>"; };
		18EB6A67228DED2E00B0973C /* Assets.xcassets */ = {isa = PBXFileReference; lastKnownFileType = folder.assetcatalog; path = Assets.xcassets; sourceTree = "<group>"; };
		18EB6A6A228DED2E00B0973C /* Base */ = {isa = PBXFileReference; lastKnownFileType = file.storyboard; name = Base; path = Base.lproj/LaunchScreen.storyboard; sourceTree = "<group>"; };
		18EB6A6C228DED2E00B0973C /* Info.plist */ = {isa = PBXFileReference; lastKnownFileType = text.plist.xml; path = Info.plist; sourceTree = "<group>"; };
		18EB6A71228DED2E00B0973C /* cameraTests.xctest */ = {isa = PBXFileReference; explicitFileType = wrapper.cfbundle; includeInIndex = 0; path = cameraTests.xctest; sourceTree = BUILT_PRODUCTS_DIR; };
		18EB6A75228DED2E00B0973C /* cameraTests.swift */ = {isa = PBXFileReference; lastKnownFileType = sourcecode.swift; path = cameraTests.swift; sourceTree = "<group>"; };
		18EB6A77228DED2E00B0973C /* Info.plist */ = {isa = PBXFileReference; lastKnownFileType = text.plist.xml; path = Info.plist; sourceTree = "<group>"; };
		18EB6A7C228DED2E00B0973C /* cameraUITests.xctest */ = {isa = PBXFileReference; explicitFileType = wrapper.cfbundle; includeInIndex = 0; path = cameraUITests.xctest; sourceTree = BUILT_PRODUCTS_DIR; };
		18EB6A80228DED2E00B0973C /* cameraUITests.swift */ = {isa = PBXFileReference; lastKnownFileType = sourcecode.swift; path = cameraUITests.swift; sourceTree = "<group>"; };
		18EB6A82228DED2E00B0973C /* Info.plist */ = {isa = PBXFileReference; lastKnownFileType = text.plist.xml; path = Info.plist; sourceTree = "<group>"; };
/* End PBXFileReference section */

/* Begin PBXFrameworksBuildPhase section */
		18EB6A5A228DED2C00B0973C /* Frameworks */ = {
			isa = PBXFrameworksBuildPhase;
			buildActionMask = 2147483647;
			files = (
			);
			runOnlyForDeploymentPostprocessing = 0;
		};
		18EB6A6E228DED2E00B0973C /* Frameworks */ = {
			isa = PBXFrameworksBuildPhase;
			buildActionMask = 2147483647;
			files = (
			);
			runOnlyForDeploymentPostprocessing = 0;
		};
		18EB6A79228DED2E00B0973C /* Frameworks */ = {
			isa = PBXFrameworksBuildPhase;
			buildActionMask = 2147483647;
			files = (
			);
			runOnlyForDeploymentPostprocessing = 0;
		};
/* End PBXFrameworksBuildPhase section */

/* Begin PBXGroup section */
		18EB6A54228DED2C00B0973C = {
			isa = PBXGroup;
			children = (
				18EB6A5F228DED2C00B0973C /* camera */,
				18EB6A74228DED2E00B0973C /* cameraTests */,
				18EB6A7F228DED2E00B0973C /* cameraUITests */,
				18EB6A5E228DED2C00B0973C /* Products */,
			);
			sourceTree = "<group>";
		};
		18EB6A5E228DED2C00B0973C /* Products */ = {
			isa = PBXGroup;
			children = (
				18EB6A5D228DED2C00B0973C /* camera.app */,
				18EB6A71228DED2E00B0973C /* cameraTests.xctest */,
				18EB6A7C228DED2E00B0973C /* cameraUITests.xctest */,
			);
			name = Products;
			sourceTree = "<group>";
		};
		18EB6A5F228DED2C00B0973C /* camera */ = {
			isa = PBXGroup;
			children = (
				18EB6A60228DED2C00B0973C /* AppDelegate.swift */,
				18EB6A62228DED2C00B0973C /* ViewController.swift */,
				18EB6A64228DED2C00B0973C /* Main.storyboard */,
				18EB6A67228DED2E00B0973C /* Assets.xcassets */,
				18EB6A69228DED2E00B0973C /* LaunchScreen.storyboard */,
				18EB6A6C228DED2E00B0973C /* Info.plist */,
			);
			path = camera;
			sourceTree = "<group>";
		};
		18EB6A74228DED2E00B0973C /* cameraTests */ = {
			isa = PBXGroup;
			children = (
				18EB6A75228DED2E00B0973C /* cameraTests.swift */,
				18EB6A77228DED2E00B0973C /* Info.plist */,
			);
			path = cameraTests;
			sourceTree = "<group>";
		};
		18EB6A7F228DED2E00B0973C /* cameraUITests */ = {
			isa = PBXGroup;
			children = (
				18EB6A80228DED2E00B0973C /* cameraUITests.swift */,
				18EB6A82228DED2E00B0973C /* Info.plist */,
			);
			path = cameraUITests;
			sourceTree = "<group>";
		};
/* End PBXGroup section */

/* Begin PBXNativeTarget section */
		18EB6A5C228DED2C00B0973C /* camera */ = {
			isa = PBXNativeTarget;
			buildConfigurationList = 18EB6A85228DED2E00B0973C /* Build configuration list for PBXNativeTarget "camera" */;
			buildPhases = (
				18EB6A59228DED2C00B0973C /* Sources */,
				18EB6A5A228DED2C00B0973C /* Frameworks */,
				18EB6A5B228DED2C00B0973C /* Resources */,
			);
			buildRules = (
			);
			dependencies = (
			);
			name = camera;
			productName = camera;
			productReference = 18EB6A5D228DED2C00B0973C /* camera.app */;
			productType = "com.apple.product-type.application";
		};
		18EB6A70228DED2E00B0973C /* cameraTests */ = {
			isa = PBXNativeTarget;
			buildConfigurationList = 18EB6A88228DED2E00B0973C /* Build configuration list for PBXNativeTarget "cameraTests" */;
			buildPhases = (
				18EB6A6D228DED2E00B0973C /* Sources */,
				18EB6A6E228DED2E00B0973C /* Frameworks */,
				18EB6A6F228DED2E00B0973C /* Resources */,
			);
			buildRules = (
			);
			dependencies = (
				18EB6A73228DED2E00B0973C /* PBXTargetDependency */,
			);
			name = cameraTests;
			productName = cameraTests;
			productReference = 18EB6A71228DED2E00B0973C /* cameraTests.xctest */;
			productType = "com.apple.product-type.bundle.unit-test";
		};
		18EB6A7B228DED2E00B0973C /* cameraUITests */ = {
			isa = PBXNativeTarget;
			buildConfigurationList = 18EB6A8B228DED2E00B0973C /* Build configuration list for PBXNativeTarget "cameraUITests" */;
			buildPhases = (
				18EB6A78228DED2E00B0973C /* Sources */,
				18EB6A79228DED2E00B0973C /* Frameworks */,
				18EB6A7A228DED2E00B0973C /* Resources */,
			);
			buildRules = (
			);
			dependencies = (
				18EB6A7E228DED2E00B0973C /* PBXTargetDependency */,
			);
			name = cameraUITests;
			productName = cameraUITests;
			productReference = 18EB6A7C228DED2E00B0973C /* cameraUITests.xctest */;
			productType = "com.apple.product-type.bundle.ui-testing";
		};
/* End PBXNativeTarget section */

/* Begin PBXProject section */
		18EB6A55228DED2C00B0973C /* Project object */ = {
			isa = PBXProject;
			attributes = {
				LastSwiftUpdateCheck = 1020;
				LastUpgradeCheck = 1020;
				ORGANIZATIONNAME = Apple;
				TargetAttributes = {
					18EB6A5C228DED2C00B0973C = {
						CreatedOnToolsVersion = 10.2.1;
					};
					18EB6A70228DED2E00B0973C = {
						CreatedOnToolsVersion = 10.2.1;
						TestTargetID = 18EB6A5C228DED2C00B0973C;
					};
					18EB6A7B228DED2E00B0973C = {
						CreatedOnToolsVersion = 10.2.1;
						TestTargetID = 18EB6A5C228DED2C00B0973C;
					};
				};
			};
			buildConfigurationList = 18EB6A58228DED2C00B0973C /* Build configuration list for PBXProject "camera" */;
			compatibilityVersion = "Xcode 9.3";
			developmentRegion = en;
			hasScannedForEncodings = 0;
			knownRegions = (
				en,
				Base,
			);
			mainGroup = 18EB6A54228DED2C00B0973C;
			productRefGroup = 18EB6A5E228DED2C00B0973C /* Products */;
			projectDirPath = "";
			projectRoot = "";
			targets = (
				18EB6A5C228DED2C00B0973C /* camera */,
				18EB6A70228DED2E00B0973C /* cameraTests */,
				18EB6A7B228DED2E00B0973C /* cameraUITests */,
			);
		};
/* End PBXProject section */

/* Begin PBXResourcesBuildPhase section */
		18EB6A5B228DED2C00B0973C /* Resources */ = {
			isa = PBXResourcesBuildPhase;
			buildActionMask = 2147483647;
			files = (
				18EB6A6B228DED2E00B0973C /* LaunchScreen.storyboard in Resources */,
				18EB6A68228DED2E00B0973C /* Assets.xcassets in Resources */,
				18EB6A66228DED2C00B0973C /* Main.storyboard in Resources */,
			);
			runOnlyForDeploymentPostprocessing = 0;
		};
		18EB6A6F228DED2E00B0973C /* Resources */ = {
			isa = PBXResourcesBuildPhase;
			buildActionMask = 2147483647;
			files = (
			);
			runOnlyForDeploymentPostprocessing = 0;
		};
		18EB6A7A228DED2E00B0973C /* Resources */ = {
			isa = PBXResourcesBuildPhase;
			buildActionMask = 2147483647;
			files = (
			);
			runOnlyForDeploymentPostprocessing = 0;
		};
/* End PBXResourcesBuildPhase section */

/* Begin PBXSourcesBuildPhase section */
		18EB6A59228DED2C00B0973C /* Sources */ = {
			isa = PBXSourcesBuildPhase;
			buildActionMask = 2147483647;
			files = (
				18EB6A63228DED2C00B0973C /* ViewController.swift in Sources */,
				18EB6A61228DED2C00B0973C /* AppDelegate.swift in Sources */,
			);
			runOnlyForDeploymentPostprocessing = 0;
		};
		18EB6A6D228DED2E00B0973C /* Sources */ = {
			isa = PBXSourcesBuildPhase;
			buildActionMask = 2147483647;
			files = (
				18EB6A76228DED2E00B0973C /* cameraTests.swift in Sources */,
			);
			runOnlyForDeploymentPostprocessing = 0;
		};
		18EB6A78228DED2E00B0973C /* Sources */ = {
			isa = PBXSourcesBuildPhase;
			buildActionMask = 2147483647;
			files = (
				18EB6A81228DED2E00B0973C /* cameraUITests.swift in Sources */,
			);
			runOnlyForDeploymentPostprocessing = 0;
		};
/* End PBXSourcesBuildPhase section */

/* Begin PBXTargetDependency section */
		18EB6A73228DED2E00B0973C /* PBXTargetDependency */ = {
			isa = PBXTargetDependency;
			target = 18EB6A5C228DED2C00B0973C /* camera */;
			targetProxy = 18EB6A72228DED2E00B0973C /* PBXContainerItemProxy */;
		};
		18EB6A7E228DED2E00B0973C /* PBXTargetDependency */ = {
			isa = PBXTargetDependency;
			target = 18EB6A5C228DED2C00B0973C /* camera */;
			targetProxy = 18EB6A7D228DED2E00B0973C /* PBXContainerItemProxy */;
		};
/* End PBXTargetDependency section */

/* Begin PBXVariantGroup section */
		18EB6A64228DED2C00B0973C /* Main.storyboard */ = {
			isa = PBXVariantGroup;
			children = (
				18EB6A65228DED2C00B0973C /* Base */,
			);
			name = Main.storyboard;
			sourceTree = "<group>";
		};
		18EB6A69228DED2E00B0973C /* LaunchScreen.storyboard */ = {
			isa = PBXVariantGroup;
			children = (
				18EB6A6A228DED2E00B0973C /* Base */,
			);
			name = LaunchScreen.storyboard;
			sourceTree = "<group>";
		};
/* End PBXVariantGroup section */

/* Begin XCBuildConfiguration section */
		18EB6A83228DED2E00B0973C /* Debug */ = {
			isa = XCBuildConfiguration;
			buildSettings = {
				ALWAYS_SEARCH_USER_PATHS = NO;
				CLANG_ANALYZER_NONNULL = YES;
				CLANG_ANALYZER_NUMBER_OBJECT_CONVERSION = YES_AGGRESSIVE;
				CLANG_CXX_LANGUAGE_STANDARD = "gnu++14";
				CLANG_CXX_LIBRARY = "libc++";
				CLANG_ENABLE_MODULES = YES;
				CLANG_ENABLE_OBJC_ARC = YES;
				CLANG_ENABLE_OBJC_WEAK = YES;
				CLANG_WARN_BLOCK_CAPTURE_AUTORELEASING = YES;
				CLANG_WARN_BOOL_CONVERSION = YES;
				CLANG_WARN_COMMA = YES;
				CLANG_WARN_CONSTANT_CONVERSION = YES;
				CLANG_WARN_DEPRECATED_OBJC_IMPLEMENTATIONS = YES;
				CLANG_WARN_DIRECT_OBJC_ISA_USAGE = YES_ERROR;
				CLANG_WARN_DOCUMENTATION_COMMENTS = YES;
				CLANG_WARN_EMPTY_BODY = YES;
				CLANG_WARN_ENUM_CONVERSION = YES;
				CLANG_WARN_INFINITE_RECURSION = YES;
				CLANG_WARN_INT_CONVERSION = YES;
				CLANG_WARN_NON_LITERAL_NULL_CONVERSION = YES;
				CLANG_WARN_OBJC_IMPLICIT_RETAIN_SELF = YES;
				CLANG_WARN_OBJC_LITERAL_CONVERSION = YES;
				CLANG_WARN_OBJC_ROOT_CLASS = YES_ERROR;
				CLANG_WARN_RANGE_LOOP_ANALYSIS = YES;
				CLANG_WARN_STRICT_PROTOTYPES = YES;
				CLANG_WARN_SUSPICIOUS_MOVE = YES;
				CLANG_WARN_UNGUARDED_AVAILABILITY = YES_AGGRESSIVE;
				CLANG_WARN_UNREACHABLE_CODE = YES;
				CLANG_WARN__DUPLICATE_METHOD_MATCH = YES;
				CODE_SIGN_IDENTITY = "iPhone Developer";
				COPY_PHASE_STRIP = NO;
				DEBUG_INFORMATION_FORMAT = dwarf;
				ENABLE_STRICT_OBJC_MSGSEND = YES;
				ENABLE_TESTABILITY = YES;
				GCC_C_LANGUAGE_STANDARD = gnu11;
				GCC_DYNAMIC_NO_PIC = NO;
				GCC_NO_COMMON_BLOCKS = YES;
				GCC_OPTIMIZATION_LEVEL = 0;
				GCC_PREPROCESSOR_DEFINITIONS = (
					"DEBUG=1",
					"$(inherited)",
				);
				GCC_WARN_64_TO_32_BIT_CONVERSION = YES;
				GCC_WARN_ABOUT_RETURN_TYPE = YES_ERROR;
				GCC_WARN_UNDECLARED_SELECTOR = YES;
				GCC_WARN_UNINITIALIZED_AUTOS = YES_AGGRESSIVE;
				GCC_WARN_UNUSED_FUNCTION = YES;
				GCC_WARN_UNUSED_VARIABLE = YES;
				IPHONEOS_DEPLOYMENT_TARGET = 12.2;
				MTL_ENABLE_DEBUG_INFO = INCLUDE_SOURCE;
				MTL_FAST_MATH = YES;
				ONLY_ACTIVE_ARCH = YES;
				SDKROOT = iphoneos;
				SWIFT_ACTIVE_COMPILATION_CONDITIONS = DEBUG;
				SWIFT_OPTIMIZATION_LEVEL = "-Onone";
			};
			name = Debug;
		};
		18EB6A84228DED2E00B0973C /* Release */ = {
			isa = XCBuildConfiguration;
			buildSettings = {
				ALWAYS_SEARCH_USER_PATHS = NO;
				CLANG_ANALYZER_NONNULL = YES;
				CLANG_ANALYZER_NUMBER_OBJECT_CONVERSION = YES_AGGRESSIVE;
				CLANG_CXX_LANGUAGE_STANDARD = "gnu++14";
				CLANG_CXX_LIBRARY = "libc++";
				CLANG_ENABLE_MODULES = YES;
				CLANG_ENABLE_OBJC_ARC = YES;
				CLANG_ENABLE_OBJC_WEAK = YES;
				CLANG_WARN_BLOCK_CAPTURE_AUTORELEASING = YES;
				CLANG_WARN_BOOL_CONVERSION = YES;
				CLANG_WARN_COMMA = YES;
				CLANG_WARN_CONSTANT_CONVERSION = YES;
				CLANG_WARN_DEPRECATED_OBJC_IMPLEMENTATIONS = YES;
				CLANG_WARN_DIRECT_OBJC_ISA_USAGE = YES_ERROR;
				CLANG_WARN_DOCUMENTATION_COMMENTS = YES;
				CLANG_WARN_EMPTY_BODY = YES;
				CLANG_WARN_ENUM_CONVERSION = YES;
				CLANG_WARN_INFINITE_RECURSION = YES;
				CLANG_WARN_INT_CONVERSION = YES;
				CLANG_WARN_NON_LITERAL_NULL_CONVERSION = YES;
				CLANG_WARN_OBJC_IMPLICIT_RETAIN_SELF = YES;
				CLANG_WARN_OBJC_LITERAL_CONVERSION = YES;
				CLANG_WARN_OBJC_ROOT_CLASS = YES_ERROR;
				CLANG_WARN_RANGE_LOOP_ANALYSIS = YES;
				CLANG_WARN_STRICT_PROTOTYPES = YES;
				CLANG_WARN_SUSPICIOUS_MOVE = YES;
				CLANG_WARN_UNGUARDED_AVAILABILITY = YES_AGGRESSIVE;
				CLANG_WARN_UNREACHABLE_CODE = YES;
				CLANG_WARN__DUPLICATE_METHOD_MATCH = YES;
				CODE_SIGN_IDENTITY = "iPhone Developer";
				COPY_PHASE_STRIP = NO;
				DEBUG_INFORMATION_FORMAT = "dwarf-with-dsym";
				ENABLE_NS_ASSERTIONS = NO;
				ENABLE_STRICT_OBJC_MSGSEND = YES;
				GCC_C_LANGUAGE_STANDARD = gnu11;
				GCC_NO_COMMON_BLOCKS = YES;
				GCC_WARN_64_TO_32_BIT_CONVERSION = YES;
				GCC_WARN_ABOUT_RETURN_TYPE = YES_ERROR;
				GCC_WARN_UNDECLARED_SELECTOR = YES;
				GCC_WARN_UNINITIALIZED_AUTOS = YES_AGGRESSIVE;
				GCC_WARN_UNUSED_FUNCTION = YES;
				GCC_WARN_UNUSED_VARIABLE = YES;
				IPHONEOS_DEPLOYMENT_TARGET = 12.2;
				MTL_ENABLE_DEBUG_INFO = NO;
				MTL_FAST_MATH = YES;
				SDKROOT = iphoneos;
				SWIFT_COMPILATION_MODE = wholemodule;
				SWIFT_OPTIMIZATION_LEVEL = "-O";
				VALIDATE_PRODUCT = YES;
			};
			name = Release;
		};
		18EB6A86228DED2E00B0973C /* Debug */ = {
			isa = XCBuildConfiguration;
			buildSettings = {
				ASSETCATALOG_COMPILER_APPICON_NAME = AppIcon;
				CODE_SIGN_STYLE = Automatic;
				INFOPLIST_FILE = camera/Info.plist;
				LD_RUNPATH_SEARCH_PATHS = (
					"$(inherited)",
					"@executable_path/Frameworks",
				);
				PRODUCT_BUNDLE_IDENTIFIER = Zaid.camera;
				PRODUCT_NAME = "$(TARGET_NAME)";
				SWIFT_VERSION = 5.0;
				TARGETED_DEVICE_FAMILY = "1,2";
			};
			name = Debug;
		};
		18EB6A87228DED2E00B0973C /* Release */ = {
			isa = XCBuildConfiguration;
			buildSettings = {
				ASSETCATALOG_COMPILER_APPICON_NAME = AppIcon;
				CODE_SIGN_STYLE = Automatic;
				INFOPLIST_FILE = camera/Info.plist;
				LD_RUNPATH_SEARCH_PATHS = (
					"$(inherited)",
					"@executable_path/Frameworks",
				);
				PRODUCT_BUNDLE_IDENTIFIER = Zaid.camera;
				PRODUCT_NAME = "$(TARGET_NAME)";
				SWIFT_VERSION = 5.0;
				TARGETED_DEVICE_FAMILY = "1,2";
			};
			name = Release;
		};
		18EB6A89228DED2E00B0973C /* Debug */ = {
			isa = XCBuildConfiguration;
			buildSettings = {
				ALWAYS_EMBED_SWIFT_STANDARD_LIBRARIES = YES;
				BUNDLE_LOADER = "$(TEST_HOST)";
				CODE_SIGN_STYLE = Automatic;
				INFOPLIST_FILE = cameraTests/Info.plist;
				LD_RUNPATH_SEARCH_PATHS = (
					"$(inherited)",
					"@executable_path/Frameworks",
					"@loader_path/Frameworks",
				);
				PRODUCT_BUNDLE_IDENTIFIER = Zaid.cameraTests;
				PRODUCT_NAME = "$(TARGET_NAME)";
				SWIFT_VERSION = 5.0;
				TARGETED_DEVICE_FAMILY = "1,2";
				TEST_HOST = "$(BUILT_PRODUCTS_DIR)/camera.app/camera";
			};
			name = Debug;
		};
		18EB6A8A228DED2E00B0973C /* Release */ = {
			isa = XCBuildConfiguration;
			buildSettings = {
				ALWAYS_EMBED_SWIFT_STANDARD_LIBRARIES = YES;
				BUNDLE_LOADER = "$(TEST_HOST)";
				CODE_SIGN_STYLE = Automatic;
				INFOPLIST_FILE = cameraTests/Info.plist;
				LD_RUNPATH_SEARCH_PATHS = (
					"$(inherited)",
					"@executable_path/Frameworks",
					"@loader_path/Frameworks",
				);
				PRODUCT_BUNDLE_IDENTIFIER = Zaid.cameraTests;
				PRODUCT_NAME = "$(TARGET_NAME)";
				SWIFT_VERSION = 5.0;
				TARGETED_DEVICE_FAMILY = "1,2";
				TEST_HOST = "$(BUILT_PRODUCTS_DIR)/camera.app/camera";
			};
			name = Release;
		};
		18EB6A8C228DED2E00B0973C /* Debug */ = {
			isa = XCBuildConfiguration;
			buildSettings = {
				ALWAYS_EMBED_SWIFT_STANDARD_LIBRARIES = YES;
				CODE_SIGN_STYLE = Automatic;
				INFOPLIST_FILE = cameraUITests/Info.plist;
				LD_RUNPATH_SEARCH_PATHS = (
					"$(inherited)",
					"@executable_path/Frameworks",
					"@loader_path/Frameworks",
				);
				PRODUCT_BUNDLE_IDENTIFIER = Zaid.cameraUITests;
				PRODUCT_NAME = "$(TARGET_NAME)";
				SWIFT_VERSION = 5.0;
				TARGETED_DEVICE_FAMILY = "1,2";
				TEST_TARGET_NAME = camera;
			};
			name = Debug;
		};
		18EB6A8D228DED2E00B0973C /* Release */ = {
			isa = XCBuildConfiguration;
			buildSettings = {
				ALWAYS_EMBED_SWIFT_STANDARD_LIBRARIES = YES;
				CODE_SIGN_STYLE = Automatic;
				INFOPLIST_FILE = cameraUITests/Info.plist;
				LD_RUNPATH_SEARCH_PATHS = (
					"$(inherited)",
					"@executable_path/Frameworks",
					"@loader_path/Frameworks",
				);
				PRODUCT_BUNDLE_IDENTIFIER = Zaid.cameraUITests;
				PRODUCT_NAME = "$(TARGET_NAME)";
				SWIFT_VERSION = 5.0;
				TARGETED_DEVICE_FAMILY = "1,2";
				TEST_TARGET_NAME = camera;
			};
			name = Release;
		};
/* End XCBuildConfiguration section */

/* Begin XCConfigurationList section */
		18EB6A58228DED2C00B0973C /* Build configuration list for PBXProject "camera" */ = {
			isa = XCConfigurationList;
			buildConfigurations = (
				18EB6A83228DED2E00B0973C /* Debug */,
				18EB6A84228DED2E00B0973C /* Release */,
			);
			defaultConfigurationIsVisible = 0;
			defaultConfigurationName = Release;
		};
		18EB6A85228DED2E00B0973C /* Build configuration list for PBXNativeTarget "camera" */ = {
			isa = XCConfigurationList;
			buildConfigurations = (
				18EB6A86228DED2E00B0973C /* Debug */,
				18EB6A87228DED2E00B0973C /* Release */,
			);
			defaultConfigurationIsVisible = 0;
			defaultConfigurationName = Release;
		};
		18EB6A88228DED2E00B0973C /* Build configuration list for PBXNativeTarget "cameraTests" */ = {
			isa = XCConfigurationList;
			buildConfigurations = (
				18EB6A89228DED2E00B0973C /* Debug */,
				18EB6A8A228DED2E00B0973C /* Release */,
			);
			defaultConfigurationIsVisible = 0;
			defaultConfigurationName = Release;
		};
		18EB6A8B228DED2E00B0973C /* Build configuration list for PBXNativeTarget "cameraUITests" */ = {
			isa = XCConfigurationList;
			buildConfigurations = (
				18EB6A8C228DED2E00B0973C /* Debug */,
				18EB6A8D228DED2E00B0973C /* Release */,
			);
			defaultConfigurationIsVisible = 0;
			defaultConfigurationName = Release;
		};
/* End XCConfigurationList section */
	};
	rootObject = 18EB6A55228DED2C00B0973C /* Project object */;
}
